// !$*UTF8*$!
{
	archiveVersion = 1;
	classes = {
	};
	objectVersion = 46;
	objects = {

/* Begin PBXBuildFile section */
		9081FB341DEA928E00FCF3E8 /* main.cpp in Sources */ = {isa = PBXBuildFile; fileRef = 9081FB331DEA928E00FCF3E8 /* main.cpp */; };
/* End PBXBuildFile section */

/* Begin PBXCopyFilesBuildPhase section */
		9081FB2E1DEA928D00FCF3E8 /* CopyFiles */ = {
			isa = PBXCopyFilesBuildPhase;
			buildActionMask = 2147483647;
			dstPath = /usr/share/man/man1/;
			dstSubfolderSpec = 0;
			files = (
			);
			runOnlyForDeploymentPostprocessing = 1;
		};
/* End PBXCopyFilesBuildPhase section */

/* Begin PBXFileReference section */
		900142D21DF4F2EB00944640 /* trace.txt */ = {isa = PBXFileReference; lastKnownFileType = text; path = trace.txt; sourceTree = "<group>"; };
		900142D31DF4F35D00944640 /* sytraceout.txt */ = {isa = PBXFileReference; lastKnownFileType = text; name = sytraceout.txt; path = ../../../Downloads/sytraceout.txt; sourceTree = "<group>"; };
		900142D41DF4F39F00944640 /* traceout.txt */ = {isa = PBXFileReference; lastKnownFileType = text; path = traceout.txt; sourceTree = "<group>"; };
		9081FB301DEA928E00FCF3E8 /* Lab2cache */ = {isa = PBXFileReference; explicitFileType = "compiled.mach-o.executable"; includeInIndex = 0; path = Lab2cache; sourceTree = BUILT_PRODUCTS_DIR; };
		9081FB331DEA928E00FCF3E8 /* main.cpp */ = {isa = PBXFileReference; lastKnownFileType = sourcecode.cpp.cpp; path = main.cpp; sourceTree = "<group>"; usesTabs = 0; wrapsLines = 1; };
/* End PBXFileReference section */

/* Begin PBXFrameworksBuildPhase section */
		9081FB2D1DEA928D00FCF3E8 /* Frameworks */ = {
			isa = PBXFrameworksBuildPhase;
			buildActionMask = 2147483647;
			files = (
			);
			runOnlyForDeploymentPostprocessing = 0;
		};
/* End PBXFrameworksBuildPhase section */

/* Begin PBXGroup section */
		9081FB271DEA928D00FCF3E8 = {
			isa = PBXGroup;
			children = (
				9081FB321DEA928E00FCF3E8 /* Lab2cache */,
				9081FB311DEA928E00FCF3E8 /* Products */,
			);
			sourceTree = "<group>";
		};
		9081FB311DEA928E00FCF3E8 /* Products */ = {
			isa = PBXGroup;
			children = (
				9081FB301DEA928E00FCF3E8 /* Lab2cache */,
			);
			name = Products;
			sourceTree = "<group>";
		};
		9081FB321DEA928E00FCF3E8 /* Lab2cache */ = {
			isa = PBXGroup;
			children = (
				900142D21DF4F2EB00944640 /* trace.txt */,
				900142D31DF4F35D00944640 /* sytraceout.txt */,
				900142D41DF4F39F00944640 /* traceout.txt */,
				9081FB331DEA928E00FCF3E8 /* main.cpp */,
			);
			path = Lab2cache;
			sourceTree = "<group>";
		};
/* End PBXGroup section */

/* Begin PBXNativeTarget section */
		9081FB2F1DEA928D00FCF3E8 /* Lab2cache */ = {
			isa = PBXNativeTarget;
			buildConfigurationList = 9081FB371DEA928E00FCF3E8 /* Build configuration list for PBXNativeTarget "Lab2cache" */;
			buildPhases = (
				9081FB2C1DEA928D00FCF3E8 /* Sources */,
				9081FB2D1DEA928D00FCF3E8 /* Frameworks */,
				9081FB2E1DEA928D00FCF3E8 /* CopyFiles */,
			);
			buildRules = (
			);
			dependencies = (
			);
			name = Lab2cache;
			productName = Lab2cache;
			productReference = 9081FB301DEA928E00FCF3E8 /* Lab2cache */;
			productType = "com.apple.product-type.tool";
		};
/* End PBXNativeTarget section */

/* Begin PBXProject section */
		9081FB281DEA928D00FCF3E8 /* Project object */ = {
			isa = PBXProject;
			attributes = {
				LastUpgradeCheck = 0810;
				ORGANIZATIONNAME = "Jen Liu";
				TargetAttributes = {
					9081FB2F1DEA928D00FCF3E8 = {
						CreatedOnToolsVersion = 8.1;
						ProvisioningStyle = Automatic;
					};
				};
			};
			buildConfigurationList = 9081FB2B1DEA928D00FCF3E8 /* Build configuration list for PBXProject "Lab2cache" */;
			compatibilityVersion = "Xcode 3.2";
			developmentRegion = English;
			hasScannedForEncodings = 0;
			knownRegions = (
				en,
			);
			mainGroup = 9081FB271DEA928D00FCF3E8;
			productRefGroup = 9081FB311DEA928E00FCF3E8 /* Products */;
			projectDirPath = "";
			projectRoot = "";
			targets = (
				9081FB2F1DEA928D00FCF3E8 /* Lab2cache */,
			);
		};
/* End PBXProject section */

/* Begin PBXSourcesBuildPhase section */
		9081FB2C1DEA928D00FCF3E8 /* Sources */ = {
			isa = PBXSourcesBuildPhase;
			buildActionMask = 2147483647;
			files = (
				9081FB341DEA928E00FCF3E8 /* main.cpp in Sources */,
			);
			runOnlyForDeploymentPostprocessing = 0;
		};
/* End PBXSourcesBuildPhase section */

/* Begin XCBuildConfiguration section */
		9081FB351DEA928E00FCF3E8 /* Debug */ = {
			isa = XCBuildConfiguration;
			buildSettings = {
				ALWAYS_SEARCH_USER_PATHS = NO;
				CLANG_ANALYZER_NONNULL = YES;
				CLANG_CXX_LANGUAGE_STANDARD = "gnu++0x";
				CLANG_CXX_LIBRARY = "libc++";
				CLANG_ENABLE_MODULES = YES;
				CLANG_ENABLE_OBJC_ARC = YES;
				CLANG_WARN_BOOL_CONVERSION = YES;
				CLANG_WARN_CONSTANT_CONVERSION = YES;
				CLANG_WARN_DIRECT_OBJC_ISA_USAGE = YES_ERROR;
				CLANG_WARN_DOCUMENTATION_COMMENTS = YES;
				CLANG_WARN_EMPTY_BODY = YES;
				CLANG_WARN_ENUM_CONVERSION = YES;
				CLANG_WARN_INFINITE_RECURSION = YES;
				CLANG_WARN_INT_CONVERSION = YES;
				CLANG_WARN_OBJC_ROOT_CLASS = YES_ERROR;
				CLANG_WARN_SUSPICIOUS_MOVES = YES;
				CLANG_WARN_UNREACHABLE_CODE = YES;
				CLANG_WARN__DUPLICATE_METHOD_MATCH = YES;
				CODE_SIGN_IDENTITY = "-";
				COPY_PHASE_STRIP = NO;
				DEBUG_INFORMATION_FORMAT = dwarf;
				ENABLE_STRICT_OBJC_MSGSEND = YES;
				ENABLE_TESTABILITY = YES;
				GCC_C_LANGUAGE_STANDARD = gnu99;
				GCC_DYNAMIC_NO_PIC = NO;
				GCC_NO_COMMON_BLOCKS = YES;
				GCC_OPTIMIZATION_LEVEL = 0;
				GCC_PREPROCESSOR_DEFINITIONS = (
					"DEBUG=1",
					"$(inherited)",
				);
				GCC_WARN_64_TO_32_BIT_CONVERSION = YES;
				GCC_WARN_ABOUT_RETURN_TYPE = YES_ERROR;
				GCC_WARN_UNDECLARED_SELECTOR = YES;
				GCC_WARN_UNINITIALIZED_AUTOS = YES_AGGRESSIVE;
				GCC_WARN_UNUSED_FUNCTION = YES;
				GCC_WARN_UNUSED_VARIABLE = YES;
				MACOSX_DEPLOYMENT_TARGET = 10.11;
				MTL_ENABLE_DEBUG_INFO = YES;
				ONLY_ACTIVE_ARCH = YES;
				SDKROOT = macosx;
			};
			name = Debug;
		};
		9081FB361DEA928E00FCF3E8 /* Release */ = {
			isa = XCBuildConfiguration;
			buildSettings = {
				ALWAYS_SEARCH_USER_PATHS = NO;
				CLANG_ANALYZER_NONNULL = YES;
				CLANG_CXX_LANGUAGE_STANDARD = "gnu++0x";
				CLANG_CXX_LIBRARY = "libc++";
				CLANG_ENABLE_MODULES = YES;
				CLANG_ENABLE_OBJC_ARC = YES;
				CLANG_WARN_BOOL_CONVERSION = YES;
				CLANG_WARN_CONSTANT_CONVERSION = YES;
				CLANG_WARN_DIRECT_OBJC_ISA_USAGE = YES_ERROR;
				CLANG_WARN_DOCUMENTATION_COMMENTS = YES;
				CLANG_WARN_EMPTY_BODY = YES;
				CLANG_WARN_ENUM_CONVERSION = YES;
				CLANG_WARN_INFINITE_RECURSION = YES;
				CLANG_WARN_INT_CONVERSION = YES;
				CLANG_WARN_OBJC_ROOT_CLASS = YES_ERROR;
				CLANG_WARN_SUSPICIOUS_MOVES = YES;
				CLANG_WARN_UNREACHABLE_CODE = YES;
				CLANG_WARN__DUPLICATE_METHOD_MATCH = YES;
				CODE_SIGN_IDENTITY = "-";
				COPY_PHASE_STRIP = NO;
				DEBUG_INFORMATION_FORMAT = "dwarf-with-dsym";
				ENABLE_NS_ASSERTIONS = NO;
				ENABLE_STRICT_OBJC_MSGSEND = YES;
				GCC_C_LANGUAGE_STANDARD = gnu99;
				GCC_NO_COMMON_BLOCKS = YES;
				GCC_WARN_64_TO_32_BIT_CONVERSION = YES;
				GCC_WARN_ABOUT_RETURN_TYPE = YES_ERROR;
				GCC_WARN_UNDECLARED_SELECTOR = YES;
				GCC_WARN_UNINITIALIZED_AUTOS = YES_AGGRESSIVE;
				GCC_WARN_UNUSED_FUNCTION = YES;
				GCC_WARN_UNUSED_VARIABLE = YES;
				MACOSX_DEPLOYMENT_TARGET = 10.11;
				MTL_ENABLE_DEBUG_INFO = NO;
				SDKROOT = macosx;
			};
			name = Release;
		};
		9081FB381DEA928E00FCF3E8 /* Debug */ = {
			isa = XCBuildConfiguration;
			buildSettings = {
				PRODUCT_NAME = "$(TARGET_NAME)";
			};
			name = Debug;
		};
		9081FB391DEA928E00FCF3E8 /* Release */ = {
			isa = XCBuildConfiguration;
			buildSettings = {
				PRODUCT_NAME = "$(TARGET_NAME)";
			};
			name = Release;
		};
/* End XCBuildConfiguration section */

/* Begin XCConfigurationList section */
		9081FB2B1DEA928D00FCF3E8 /* Build configuration list for PBXProject "Lab2cache" */ = {
			isa = XCConfigurationList;
			buildConfigurations = (
				9081FB351DEA928E00FCF3E8 /* Debug */,
				9081FB361DEA928E00FCF3E8 /* Release */,
			);
			defaultConfigurationIsVisible = 0;
			defaultConfigurationName = Release;
		};
		9081FB371DEA928E00FCF3E8 /* Build configuration list for PBXNativeTarget "Lab2cache" */ = {
			isa = XCConfigurationList;
			buildConfigurations = (
				9081FB381DEA928E00FCF3E8 /* Debug */,
				9081FB391DEA928E00FCF3E8 /* Release */,
			);
			defaultConfigurationIsVisible = 0;
			defaultConfigurationName = Release;
		};
/* End XCConfigurationList section */
	};
	rootObject = 9081FB281DEA928D00FCF3E8 /* Project object */;
}
